// !$*UTF8*$!
{
	archiveVersion = 1;
	classes = {
	};
	objectVersion = 56;
	objects = {

/* Begin PBXBuildFile section */
		AA0C33C4295EE09700A85537 /* VersionPickSheetView.swift in Sources */ = {isa = PBXBuildFile; fileRef = AA0C33C3295EE09700A85537 /* VersionPickSheetView.swift */; };
		AA0C33C6295EF02D00A85537 /* BookPickSheetView.swift in Sources */ = {isa = PBXBuildFile; fileRef = AA0C33C5295EF02D00A85537 /* BookPickSheetView.swift */; };
		AA0C33C8295F4D6B00A85537 /* Temporary.swift in Sources */ = {isa = PBXBuildFile; fileRef = AA0C33C7295F4D6B00A85537 /* Temporary.swift */; };
		AA28A372295C2C8300933B1B /* ReadViewModel.swift in Sources */ = {isa = PBXBuildFile; fileRef = AA28A371295C2C8300933B1B /* ReadViewModel.swift */; };
		AA28A374295C306100933B1B /* ReadView.swift in Sources */ = {isa = PBXBuildFile; fileRef = AA28A373295C306100933B1B /* ReadView.swift */; };
		AA28A376295C307600933B1B /* MainView.swift in Sources */ = {isa = PBXBuildFile; fileRef = AA28A375295C307600933B1B /* MainView.swift */; };
		AA28A37C295C455200933B1B /* CustomTabBar.swift in Sources */ = {isa = PBXBuildFile; fileRef = AA28A37B295C455200933B1B /* CustomTabBar.swift */; };
		AA28A37E295C456F00933B1B /* Views.swift in Sources */ = {isa = PBXBuildFile; fileRef = AA28A37D295C456E00933B1B /* Views.swift */; };
		AA31D68429556A0F00D9D3F2 /* BereansApp.swift in Sources */ = {isa = PBXBuildFile; fileRef = AA31D68329556A0F00D9D3F2 /* BereansApp.swift */; };
		AA31D68629556A0F00D9D3F2 /* ContentView.swift in Sources */ = {isa = PBXBuildFile; fileRef = AA31D68529556A0F00D9D3F2 /* ContentView.swift */; };
		AA31D68829556A1200D9D3F2 /* Assets.xcassets in Resources */ = {isa = PBXBuildFile; fileRef = AA31D68729556A1200D9D3F2 /* Assets.xcassets */; };
		AA31D68B29556A1200D9D3F2 /* Preview Assets.xcassets in Resources */ = {isa = PBXBuildFile; fileRef = AA31D68A29556A1200D9D3F2 /* Preview Assets.xcassets */; };
		AA31D68D29556A1200D9D3F2 /* Persistence.swift in Sources */ = {isa = PBXBuildFile; fileRef = AA31D68C29556A1200D9D3F2 /* Persistence.swift */; };
		AA31D69029556A1200D9D3F2 /* Bereans.xcdatamodeld in Sources */ = {isa = PBXBuildFile; fileRef = AA31D68E29556A1200D9D3F2 /* Bereans.xcdatamodeld */; };
		AA764EF7295E96ED000F20B4 /* CookieRunRegular.ttf in Resources */ = {isa = PBXBuildFile; fileRef = AA764EF6295E96ED000F20B4 /* CookieRunRegular.ttf */; };
		AA764EF9295E970A000F20B4 /* NanumSquareRoundR.ttf in Resources */ = {isa = PBXBuildFile; fileRef = AA764EF8295E970A000F20B4 /* NanumSquareRoundR.ttf */; };
		AA764EFB295E9719000F20B4 /* hambaknoon.ttf in Resources */ = {isa = PBXBuildFile; fileRef = AA764EFA295E9719000F20B4 /* hambaknoon.ttf */; };
		AA764EFE295E9A18000F20B4 /* Font.swift in Sources */ = {isa = PBXBuildFile; fileRef = AA764EFD295E9A18000F20B4 /* Font.swift */; };
		AA764F00295EBE05000F20B4 /* BookInfo.swift in Sources */ = {isa = PBXBuildFile; fileRef = AA764EFF295EBE05000F20B4 /* BookInfo.swift */; };
		AAEA289C295724440028B596 /* Verse.swift in Sources */ = {isa = PBXBuildFile; fileRef = AAEA289B295724440028B596 /* Verse.swift */; };
/* End PBXBuildFile section */

/* Begin PBXFileReference section */
		AA0C33C3295EE09700A85537 /* VersionPickSheetView.swift */ = {isa = PBXFileReference; lastKnownFileType = sourcecode.swift; path = VersionPickSheetView.swift; sourceTree = "<group>"; };
		AA0C33C5295EF02D00A85537 /* BookPickSheetView.swift */ = {isa = PBXFileReference; lastKnownFileType = sourcecode.swift; path = BookPickSheetView.swift; sourceTree = "<group>"; };
		AA0C33C7295F4D6B00A85537 /* Temporary.swift */ = {isa = PBXFileReference; lastKnownFileType = sourcecode.swift; path = Temporary.swift; sourceTree = "<group>"; };
		AA28A371295C2C8300933B1B /* ReadViewModel.swift */ = {isa = PBXFileReference; lastKnownFileType = sourcecode.swift; path = ReadViewModel.swift; sourceTree = "<group>"; };
		AA28A373295C306100933B1B /* ReadView.swift */ = {isa = PBXFileReference; lastKnownFileType = sourcecode.swift; path = ReadView.swift; sourceTree = "<group>"; };
		AA28A375295C307600933B1B /* MainView.swift */ = {isa = PBXFileReference; lastKnownFileType = sourcecode.swift; path = MainView.swift; sourceTree = "<group>"; };
		AA28A37B295C455200933B1B /* CustomTabBar.swift */ = {isa = PBXFileReference; lastKnownFileType = sourcecode.swift; path = CustomTabBar.swift; sourceTree = "<group>"; };
		AA28A37D295C456E00933B1B /* Views.swift */ = {isa = PBXFileReference; lastKnownFileType = sourcecode.swift; path = Views.swift; sourceTree = "<group>"; };
		AA31D68029556A0F00D9D3F2 /* Bereans.app */ = {isa = PBXFileReference; explicitFileType = wrapper.application; includeInIndex = 0; path = Bereans.app; sourceTree = BUILT_PRODUCTS_DIR; };
		AA31D68329556A0F00D9D3F2 /* BereansApp.swift */ = {isa = PBXFileReference; lastKnownFileType = sourcecode.swift; path = BereansApp.swift; sourceTree = "<group>"; };
		AA31D68529556A0F00D9D3F2 /* ContentView.swift */ = {isa = PBXFileReference; lastKnownFileType = sourcecode.swift; path = ContentView.swift; sourceTree = "<group>"; };
		AA31D68729556A1200D9D3F2 /* Assets.xcassets */ = {isa = PBXFileReference; lastKnownFileType = folder.assetcatalog; path = Assets.xcassets; sourceTree = "<group>"; };
		AA31D68A29556A1200D9D3F2 /* Preview Assets.xcassets */ = {isa = PBXFileReference; lastKnownFileType = folder.assetcatalog; path = "Preview Assets.xcassets"; sourceTree = "<group>"; };
		AA31D68C29556A1200D9D3F2 /* Persistence.swift */ = {isa = PBXFileReference; lastKnownFileType = sourcecode.swift; path = Persistence.swift; sourceTree = "<group>"; };
		AA31D68F29556A1200D9D3F2 /* Bereans.xcdatamodel */ = {isa = PBXFileReference; lastKnownFileType = wrapper.xcdatamodel; path = Bereans.xcdatamodel; sourceTree = "<group>"; };
		AA764EF6295E96ED000F20B4 /* CookieRunRegular.ttf */ = {isa = PBXFileReference; lastKnownFileType = file; path = CookieRunRegular.ttf; sourceTree = "<group>"; };
		AA764EF8295E970A000F20B4 /* NanumSquareRoundR.ttf */ = {isa = PBXFileReference; lastKnownFileType = file; path = NanumSquareRoundR.ttf; sourceTree = "<group>"; };
		AA764EFA295E9719000F20B4 /* hambaknoon.ttf */ = {isa = PBXFileReference; lastKnownFileType = file; path = hambaknoon.ttf; sourceTree = "<group>"; };
		AA764EFD295E9A18000F20B4 /* Font.swift */ = {isa = PBXFileReference; lastKnownFileType = sourcecode.swift; path = Font.swift; sourceTree = "<group>"; };
		AA764EFF295EBE05000F20B4 /* BookInfo.swift */ = {isa = PBXFileReference; lastKnownFileType = sourcecode.swift; path = BookInfo.swift; sourceTree = "<group>"; };
		AAEA289B295724440028B596 /* Verse.swift */ = {isa = PBXFileReference; lastKnownFileType = sourcecode.swift; path = Verse.swift; sourceTree = "<group>"; };
/* End PBXFileReference section */

/* Begin PBXFrameworksBuildPhase section */
		AA31D67D29556A0F00D9D3F2 /* Frameworks */ = {
			isa = PBXFrameworksBuildPhase;
			buildActionMask = 2147483647;
			files = (
			);
			runOnlyForDeploymentPostprocessing = 0;
		};
/* End PBXFrameworksBuildPhase section */

/* Begin PBXGroup section */
		AA31D67729556A0F00D9D3F2 = {
			isa = PBXGroup;
			children = (
				AA31D68229556A0F00D9D3F2 /* Bereans */,
				AA31D68129556A0F00D9D3F2 /* Products */,
			);
			sourceTree = "<group>";
		};
		AA31D68129556A0F00D9D3F2 /* Products */ = {
			isa = PBXGroup;
			children = (
				AA31D68029556A0F00D9D3F2 /* Bereans.app */,
			);
			name = Products;
			sourceTree = "<group>";
		};
		AA31D68229556A0F00D9D3F2 /* Bereans */ = {
			isa = PBXGroup;
			children = (
				AA764EFC295E9729000F20B4 /* Fonts */,
				AA764EEB295E9121000F20B4 /* Resources */,
				AA776DA32956ABC300D82AFA /* ViewModel */,
				AA776DA22956ABBF00D82AFA /* Model */,
				AA776DA12956ABB500D82AFA /* View */,
				AA31D68329556A0F00D9D3F2 /* BereansApp.swift */,
				AA31D68529556A0F00D9D3F2 /* ContentView.swift */,
				AA31D68729556A1200D9D3F2 /* Assets.xcassets */,
				AA31D68C29556A1200D9D3F2 /* Persistence.swift */,
				AA31D68E29556A1200D9D3F2 /* Bereans.xcdatamodeld */,
				AA31D68929556A1200D9D3F2 /* Preview Content */,
			);
			path = Bereans;
			sourceTree = "<group>";
		};
		AA31D68929556A1200D9D3F2 /* Preview Content */ = {
			isa = PBXGroup;
			children = (
				AA31D68A29556A1200D9D3F2 /* Preview Assets.xcassets */,
			);
			path = "Preview Content";
			sourceTree = "<group>";
		};
		AA764EEB295E9121000F20B4 /* Resources */ = {
			isa = PBXGroup;
			children = (
			);
			path = Resources;
			sourceTree = "<group>";
		};
		AA764EFC295E9729000F20B4 /* Fonts */ = {
			isa = PBXGroup;
			children = (
				AA764EFA295E9719000F20B4 /* hambaknoon.ttf */,
				AA764EF8295E970A000F20B4 /* NanumSquareRoundR.ttf */,
				AA764EF6295E96ED000F20B4 /* CookieRunRegular.ttf */,
			);
			path = Fonts;
			sourceTree = "<group>";
		};
		AA776DA12956ABB500D82AFA /* View */ = {
			isa = PBXGroup;
			children = (
				AA28A373295C306100933B1B /* ReadView.swift */,
				AA28A375295C307600933B1B /* MainView.swift */,
				AA28A37B295C455200933B1B /* CustomTabBar.swift */,
				AA0C33C3295EE09700A85537 /* VersionPickSheetView.swift */,
				AA0C33C5295EF02D00A85537 /* BookPickSheetView.swift */,
			);
			path = View;
			sourceTree = "<group>";
		};
		AA776DA22956ABBF00D82AFA /* Model */ = {
			isa = PBXGroup;
			children = (
				AAEA289B295724440028B596 /* Verse.swift */,
				AA28A37D295C456E00933B1B /* Views.swift */,
				AA764EFD295E9A18000F20B4 /* Font.swift */,
				AA764EFF295EBE05000F20B4 /* BookInfo.swift */,
				AA0C33C7295F4D6B00A85537 /* Temporary.swift */,
			);
			path = Model;
			sourceTree = "<group>";
		};
		AA776DA32956ABC300D82AFA /* ViewModel */ = {
			isa = PBXGroup;
			children = (
				AA28A371295C2C8300933B1B /* ReadViewModel.swift */,
			);
			path = ViewModel;
			sourceTree = "<group>";
		};
/* End PBXGroup section */

/* Begin PBXNativeTarget section */
		AA31D67F29556A0F00D9D3F2 /* Bereans */ = {
			isa = PBXNativeTarget;
			buildConfigurationList = AA31D69329556A1200D9D3F2 /* Build configuration list for PBXNativeTarget "Bereans" */;
			buildPhases = (
				AA31D67C29556A0F00D9D3F2 /* Sources */,
				AA31D67D29556A0F00D9D3F2 /* Frameworks */,
				AA31D67E29556A0F00D9D3F2 /* Resources */,
			);
			buildRules = (
			);
			dependencies = (
			);
			name = Bereans;
			productName = Bereans;
			productReference = AA31D68029556A0F00D9D3F2 /* Bereans.app */;
			productType = "com.apple.product-type.application";
		};
/* End PBXNativeTarget section */

/* Begin PBXProject section */
		AA31D67829556A0F00D9D3F2 /* Project object */ = {
			isa = PBXProject;
			attributes = {
				BuildIndependentTargetsInParallel = 1;
				LastSwiftUpdateCheck = 1420;
				LastUpgradeCheck = 1420;
				TargetAttributes = {
					AA31D67F29556A0F00D9D3F2 = {
						CreatedOnToolsVersion = 14.2;
					};
				};
			};
			buildConfigurationList = AA31D67B29556A0F00D9D3F2 /* Build configuration list for PBXProject "Bereans" */;
			compatibilityVersion = "Xcode 14.0";
			developmentRegion = en;
			hasScannedForEncodings = 0;
			knownRegions = (
				en,
				Base,
			);
			mainGroup = AA31D67729556A0F00D9D3F2;
			productRefGroup = AA31D68129556A0F00D9D3F2 /* Products */;
			projectDirPath = "";
			projectRoot = "";
			targets = (
				AA31D67F29556A0F00D9D3F2 /* Bereans */,
			);
		};
/* End PBXProject section */

/* Begin PBXResourcesBuildPhase section */
		AA31D67E29556A0F00D9D3F2 /* Resources */ = {
			isa = PBXResourcesBuildPhase;
			buildActionMask = 2147483647;
			files = (
				AA764EFB295E9719000F20B4 /* hambaknoon.ttf in Resources */,
				AA764EF9295E970A000F20B4 /* NanumSquareRoundR.ttf in Resources */,
				AA764EF7295E96ED000F20B4 /* CookieRunRegular.ttf in Resources */,
				AA31D68B29556A1200D9D3F2 /* Preview Assets.xcassets in Resources */,
				AA31D68829556A1200D9D3F2 /* Assets.xcassets in Resources */,
			);
			runOnlyForDeploymentPostprocessing = 0;
		};
/* End PBXResourcesBuildPhase section */

/* Begin PBXSourcesBuildPhase section */
		AA31D67C29556A0F00D9D3F2 /* Sources */ = {
			isa = PBXSourcesBuildPhase;
			buildActionMask = 2147483647;
			files = (
				AA764F00295EBE05000F20B4 /* BookInfo.swift in Sources */,
				AAEA289C295724440028B596 /* Verse.swift in Sources */,
				AA31D69029556A1200D9D3F2 /* Bereans.xcdatamodeld in Sources */,
				AA28A372295C2C8300933B1B /* ReadViewModel.swift in Sources */,
				AA0C33C6295EF02D00A85537 /* BookPickSheetView.swift in Sources */,
				AA31D68D29556A1200D9D3F2 /* Persistence.swift in Sources */,
				AA28A37C295C455200933B1B /* CustomTabBar.swift in Sources */,
				AA31D68629556A0F00D9D3F2 /* ContentView.swift in Sources */,
				AA28A374295C306100933B1B /* ReadView.swift in Sources */,
				AA0C33C4295EE09700A85537 /* VersionPickSheetView.swift in Sources */,
				AA28A376295C307600933B1B /* MainView.swift in Sources */,
				AA764EFE295E9A18000F20B4 /* Font.swift in Sources */,
				AA28A37E295C456F00933B1B /* Views.swift in Sources */,
				AA0C33C8295F4D6B00A85537 /* Temporary.swift in Sources */,
				AA31D68429556A0F00D9D3F2 /* BereansApp.swift in Sources */,
			);
			runOnlyForDeploymentPostprocessing = 0;
		};
/* End PBXSourcesBuildPhase section */

/* Begin XCBuildConfiguration section */
		AA31D69129556A1200D9D3F2 /* Debug */ = {
			isa = XCBuildConfiguration;
			buildSettings = {
				ALWAYS_SEARCH_USER_PATHS = NO;
				CLANG_ANALYZER_NONNULL = YES;
				CLANG_ANALYZER_NUMBER_OBJECT_CONVERSION = YES_AGGRESSIVE;
				CLANG_CXX_LANGUAGE_STANDARD = "gnu++20";
				CLANG_ENABLE_MODULES = YES;
				CLANG_ENABLE_OBJC_ARC = YES;
				CLANG_ENABLE_OBJC_WEAK = YES;
				CLANG_WARN_BLOCK_CAPTURE_AUTORELEASING = YES;
				CLANG_WARN_BOOL_CONVERSION = YES;
				CLANG_WARN_COMMA = YES;
				CLANG_WARN_CONSTANT_CONVERSION = YES;
				CLANG_WARN_DEPRECATED_OBJC_IMPLEMENTATIONS = YES;
				CLANG_WARN_DIRECT_OBJC_ISA_USAGE = YES_ERROR;
				CLANG_WARN_DOCUMENTATION_COMMENTS = YES;
				CLANG_WARN_EMPTY_BODY = YES;
				CLANG_WARN_ENUM_CONVERSION = YES;
				CLANG_WARN_INFINITE_RECURSION = YES;
				CLANG_WARN_INT_CONVERSION = YES;
				CLANG_WARN_NON_LITERAL_NULL_CONVERSION = YES;
				CLANG_WARN_OBJC_IMPLICIT_RETAIN_SELF = YES;
				CLANG_WARN_OBJC_LITERAL_CONVERSION = YES;
				CLANG_WARN_OBJC_ROOT_CLASS = YES_ERROR;
				CLANG_WARN_QUOTED_INCLUDE_IN_FRAMEWORK_HEADER = YES;
				CLANG_WARN_RANGE_LOOP_ANALYSIS = YES;
				CLANG_WARN_STRICT_PROTOTYPES = YES;
				CLANG_WARN_SUSPICIOUS_MOVE = YES;
				CLANG_WARN_UNGUARDED_AVAILABILITY = YES_AGGRESSIVE;
				CLANG_WARN_UNREACHABLE_CODE = YES;
				CLANG_WARN__DUPLICATE_METHOD_MATCH = YES;
				COPY_PHASE_STRIP = NO;
				DEBUG_INFORMATION_FORMAT = dwarf;
				ENABLE_STRICT_OBJC_MSGSEND = YES;
				ENABLE_TESTABILITY = YES;
				GCC_C_LANGUAGE_STANDARD = gnu11;
				GCC_DYNAMIC_NO_PIC = NO;
				GCC_NO_COMMON_BLOCKS = YES;
				GCC_OPTIMIZATION_LEVEL = 0;
				GCC_PREPROCESSOR_DEFINITIONS = (
					"DEBUG=1",
					"$(inherited)",
				);
				GCC_WARN_64_TO_32_BIT_CONVERSION = YES;
				GCC_WARN_ABOUT_RETURN_TYPE = YES_ERROR;
				GCC_WARN_UNDECLARED_SELECTOR = YES;
				GCC_WARN_UNINITIALIZED_AUTOS = YES_AGGRESSIVE;
				GCC_WARN_UNUSED_FUNCTION = YES;
				GCC_WARN_UNUSED_VARIABLE = YES;
				IPHONEOS_DEPLOYMENT_TARGET = 16.2;
				MTL_ENABLE_DEBUG_INFO = INCLUDE_SOURCE;
				MTL_FAST_MATH = YES;
				ONLY_ACTIVE_ARCH = YES;
				SDKROOT = iphoneos;
				SWIFT_ACTIVE_COMPILATION_CONDITIONS = DEBUG;
				SWIFT_OPTIMIZATION_LEVEL = "-Onone";
			};
			name = Debug;
		};
		AA31D69229556A1200D9D3F2 /* Release */ = {
			isa = XCBuildConfiguration;
			buildSettings = {
				ALWAYS_SEARCH_USER_PATHS = NO;
				CLANG_ANALYZER_NONNULL = YES;
				CLANG_ANALYZER_NUMBER_OBJECT_CONVERSION = YES_AGGRESSIVE;
				CLANG_CXX_LANGUAGE_STANDARD = "gnu++20";
				CLANG_ENABLE_MODULES = YES;
				CLANG_ENABLE_OBJC_ARC = YES;
				CLANG_ENABLE_OBJC_WEAK = YES;
				CLANG_WARN_BLOCK_CAPTURE_AUTORELEASING = YES;
				CLANG_WARN_BOOL_CONVERSION = YES;
				CLANG_WARN_COMMA = YES;
				CLANG_WARN_CONSTANT_CONVERSION = YES;
				CLANG_WARN_DEPRECATED_OBJC_IMPLEMENTATIONS = YES;
				CLANG_WARN_DIRECT_OBJC_ISA_USAGE = YES_ERROR;
				CLANG_WARN_DOCUMENTATION_COMMENTS = YES;
				CLANG_WARN_EMPTY_BODY = YES;
				CLANG_WARN_ENUM_CONVERSION = YES;
				CLANG_WARN_INFINITE_RECURSION = YES;
				CLANG_WARN_INT_CONVERSION = YES;
				CLANG_WARN_NON_LITERAL_NULL_CONVERSION = YES;
				CLANG_WARN_OBJC_IMPLICIT_RETAIN_SELF = YES;
				CLANG_WARN_OBJC_LITERAL_CONVERSION = YES;
				CLANG_WARN_OBJC_ROOT_CLASS = YES_ERROR;
				CLANG_WARN_QUOTED_INCLUDE_IN_FRAMEWORK_HEADER = YES;
				CLANG_WARN_RANGE_LOOP_ANALYSIS = YES;
				CLANG_WARN_STRICT_PROTOTYPES = YES;
				CLANG_WARN_SUSPICIOUS_MOVE = YES;
				CLANG_WARN_UNGUARDED_AVAILABILITY = YES_AGGRESSIVE;
				CLANG_WARN_UNREACHABLE_CODE = YES;
				CLANG_WARN__DUPLICATE_METHOD_MATCH = YES;
				COPY_PHASE_STRIP = NO;
				DEBUG_INFORMATION_FORMAT = "dwarf-with-dsym";
				ENABLE_NS_ASSERTIONS = NO;
				ENABLE_STRICT_OBJC_MSGSEND = YES;
				GCC_C_LANGUAGE_STANDARD = gnu11;
				GCC_NO_COMMON_BLOCKS = YES;
				GCC_WARN_64_TO_32_BIT_CONVERSION = YES;
				GCC_WARN_ABOUT_RETURN_TYPE = YES_ERROR;
				GCC_WARN_UNDECLARED_SELECTOR = YES;
				GCC_WARN_UNINITIALIZED_AUTOS = YES_AGGRESSIVE;
				GCC_WARN_UNUSED_FUNCTION = YES;
				GCC_WARN_UNUSED_VARIABLE = YES;
				IPHONEOS_DEPLOYMENT_TARGET = 16.2;
				MTL_ENABLE_DEBUG_INFO = NO;
				MTL_FAST_MATH = YES;
				SDKROOT = iphoneos;
				SWIFT_COMPILATION_MODE = wholemodule;
				SWIFT_OPTIMIZATION_LEVEL = "-O";
				VALIDATE_PRODUCT = YES;
			};
			name = Release;
		};
		AA31D69429556A1200D9D3F2 /* Debug */ = {
			isa = XCBuildConfiguration;
			buildSettings = {
				ASSETCATALOG_COMPILER_APPICON_NAME = AppIcon;
				ASSETCATALOG_COMPILER_GLOBAL_ACCENT_COLOR_NAME = AccentColor;
				CODE_SIGN_STYLE = Automatic;
				CURRENT_PROJECT_VERSION = 1;
				DEVELOPMENT_ASSET_PATHS = "\"Bereans/Preview Content\"";
				DEVELOPMENT_TEAM = 2UYV54B9WB;
				ENABLE_PREVIEWS = YES;
				GENERATE_INFOPLIST_FILE = YES;
				INFOPLIST_FILE = Bereans/Info.plist;
				INFOPLIST_KEY_UIApplicationSceneManifest_Generation = YES;
				INFOPLIST_KEY_UIApplicationSupportsIndirectInputEvents = YES;
				INFOPLIST_KEY_UILaunchScreen_Generation = YES;
				INFOPLIST_KEY_UISupportedInterfaceOrientations_iPad = "UIInterfaceOrientationPortrait UIInterfaceOrientationPortraitUpsideDown UIInterfaceOrientationLandscapeLeft UIInterfaceOrientationLandscapeRight";
				INFOPLIST_KEY_UISupportedInterfaceOrientations_iPhone = "UIInterfaceOrientationPortrait UIInterfaceOrientationLandscapeLeft UIInterfaceOrientationLandscapeRight";
				LD_RUNPATH_SEARCH_PATHS = (
					"$(inherited)",
					"@executable_path/Frameworks",
				);
				MARKETING_VERSION = 1.0;
				PRODUCT_BUNDLE_IDENTIFIER = com.alaxhenry.Bereans;
				PRODUCT_NAME = "$(TARGET_NAME)";
				SWIFT_EMIT_LOC_STRINGS = YES;
				SWIFT_VERSION = 5.0;
				TARGETED_DEVICE_FAMILY = "1,2";
			};
			name = Debug;
		};
		AA31D69529556A1200D9D3F2 /* Release */ = {
			isa = XCBuildConfiguration;
			buildSettings = {
				ASSETCATALOG_COMPILER_APPICON_NAME = AppIcon;
				ASSETCATALOG_COMPILER_GLOBAL_ACCENT_COLOR_NAME = AccentColor;
				CODE_SIGN_STYLE = Automatic;
				CURRENT_PROJECT_VERSION = 1;
				DEVELOPMENT_ASSET_PATHS = "\"Bereans/Preview Content\"";
				DEVELOPMENT_TEAM = 2UYV54B9WB;
				ENABLE_PREVIEWS = YES;
				GENERATE_INFOPLIST_FILE = YES;
				INFOPLIST_FILE = Bereans/Info.plist;
				INFOPLIST_KEY_UIApplicationSceneManifest_Generation = YES;
				INFOPLIST_KEY_UIApplicationSupportsIndirectInputEvents = YES;
				INFOPLIST_KEY_UILaunchScreen_Generation = YES;
				INFOPLIST_KEY_UISupportedInterfaceOrientations_iPad = "UIInterfaceOrientationPortrait UIInterfaceOrientationPortraitUpsideDown UIInterfaceOrientationLandscapeLeft UIInterfaceOrientationLandscapeRight";
				INFOPLIST_KEY_UISupportedInterfaceOrientations_iPhone = "UIInterfaceOrientationPortrait UIInterfaceOrientationLandscapeLeft UIInterfaceOrientationLandscapeRight";
				LD_RUNPATH_SEARCH_PATHS = (
					"$(inherited)",
					"@executable_path/Frameworks",
				);
				MARKETING_VERSION = 1.0;
				PRODUCT_BUNDLE_IDENTIFIER = com.alaxhenry.Bereans;
				PRODUCT_NAME = "$(TARGET_NAME)";
				SWIFT_EMIT_LOC_STRINGS = YES;
				SWIFT_VERSION = 5.0;
				TARGETED_DEVICE_FAMILY = "1,2";
			};
			name = Release;
		};
/* End XCBuildConfiguration section */

/* Begin XCConfigurationList section */
		AA31D67B29556A0F00D9D3F2 /* Build configuration list for PBXProject "Bereans" */ = {
			isa = XCConfigurationList;
			buildConfigurations = (
				AA31D69129556A1200D9D3F2 /* Debug */,
				AA31D69229556A1200D9D3F2 /* Release */,
			);
			defaultConfigurationIsVisible = 0;
			defaultConfigurationName = Release;
		};
		AA31D69329556A1200D9D3F2 /* Build configuration list for PBXNativeTarget "Bereans" */ = {
			isa = XCConfigurationList;
			buildConfigurations = (
				AA31D69429556A1200D9D3F2 /* Debug */,
				AA31D69529556A1200D9D3F2 /* Release */,
			);
			defaultConfigurationIsVisible = 0;
			defaultConfigurationName = Release;
		};
/* End XCConfigurationList section */

/* Begin XCVersionGroup section */
		AA31D68E29556A1200D9D3F2 /* Bereans.xcdatamodeld */ = {
			isa = XCVersionGroup;
			children = (
				AA31D68F29556A1200D9D3F2 /* Bereans.xcdatamodel */,
			);
			currentVersion = AA31D68F29556A1200D9D3F2 /* Bereans.xcdatamodel */;
			path = Bereans.xcdatamodeld;
			sourceTree = "<group>";
			versionGroupType = wrapper.xcdatamodel;
		};
/* End XCVersionGroup section */
	};
	rootObject = AA31D67829556A0F00D9D3F2 /* Project object */;
}
